
Microsoft Visual Studio Solution File, Format Version 12.00
# Visual Studio Version 16
VisualStudioVersion = 16.0.29613.14
MinimumVisualStudioVersion = 15.0.26124.0
Project("{9A19103F-16F7-4668-BE54-9A1E7A4F7556}") = "Landon.Data", "Landon.Data\Landon.Data.csproj", "{37AD94AA-A2E8-4445-9C13-02AC8CC13763}"
EndProject
Project("{9A19103F-16F7-4668-BE54-9A1E7A4F7556}") = "Landon.Models", "Landon.Models\Landon.Models.csproj", "{23E83E03-0961-498A-AE3E-1CF0DC0F36F9}"
EndProject
Project("{9A19103F-16F7-4668-BE54-9A1E7A4F7556}") = "Landon.Api", "Landon.Api\Landon.Api.csproj", "{2929A756-E404-4617-9CDE-AD5AA542517D}"
EndProject
Project("{FAE04EC0-301F-11D3-BF4B-00C04F79EFBC}") = "Patterns.IoC", "Patterns.IoC\Patterns.IoC.csproj", "{12F4D70A-8D74-4D0C-B10C-AE79CAF6E22F}"
EndProject
Global
	GlobalSection(SolutionConfigurationPlatforms) = preSolution
		Debug|Any CPU = Debug|Any CPU
		Debug|x64 = Debug|x64
		Debug|x86 = Debug|x86
		Release|Any CPU = Release|Any CPU
		Release|x64 = Release|x64
		Release|x86 = Release|x86
	EndGlobalSection
	GlobalSection(ProjectConfigurationPlatforms) = postSolution
		{37AD94AA-A2E8-4445-9C13-02AC8CC13763}.Debug|Any CPU.ActiveCfg = Debug|Any CPU
		{37AD94AA-A2E8-4445-9C13-02AC8CC13763}.Debug|Any CPU.Build.0 = Debug|Any CPU
		{37AD94AA-A2E8-4445-9C13-02AC8CC13763}.Debug|x64.ActiveCfg = Debug|Any CPU
		{37AD94AA-A2E8-4445-9C13-02AC8CC13763}.Debug|x64.Build.0 = Debug|Any CPU
		{37AD94AA-A2E8-4445-9C13-02AC8CC13763}.Debug|x86.ActiveCfg = Debug|Any CPU
		{37AD94AA-A2E8-4445-9C13-02AC8CC13763}.Debug|x86.Build.0 = Debug|Any CPU
		{37AD94AA-A2E8-4445-9C13-02AC8CC13763}.Release|Any CPU.ActiveCfg = Release|Any CPU
		{37AD94AA-A2E8-4445-9C13-02AC8CC13763}.Release|Any CPU.Build.0 = Release|Any CPU
		{37AD94AA-A2E8-4445-9C13-02AC8CC13763}.Release|x64.ActiveCfg = Release|Any CPU
		{37AD94AA-A2E8-4445-9C13-02AC8CC13763}.Release|x64.Build.0 = Release|Any CPU
		{37AD94AA-A2E8-4445-9C13-02AC8CC13763}.Release|x86.ActiveCfg = Release|Any CPU
		{37AD94AA-A2E8-4445-9C13-02AC8CC13763}.Release|x86.Build.0 = Release|Any CPU
		{23E83E03-0961-498A-AE3E-1CF0DC0F36F9}.Debug|Any CPU.ActiveCfg = Debug|Any CPU
		{23E83E03-0961-498A-AE3E-1CF0DC0F36F9}.Debug|Any CPU.Build.0 = Debug|Any CPU
		{23E83E03-0961-498A-AE3E-1CF0DC0F36F9}.Debug|x64.ActiveCfg = Debug|Any CPU
		{23E83E03-0961-498A-AE3E-1CF0DC0F36F9}.Debug|x64.Build.0 = Debug|Any CPU
		{23E83E03-0961-498A-AE3E-1CF0DC0F36F9}.Debug|x86.ActiveCfg = Debug|Any CPU
		{23E83E03-0961-498A-AE3E-1CF0DC0F36F9}.Debug|x86.Build.0 = Debug|Any CPU
		{23E83E03-0961-498A-AE3E-1CF0DC0F36F9}.Release|Any CPU.ActiveCfg = Release|Any CPU
		{23E83E03-0961-498A-AE3E-1CF0DC0F36F9}.Release|Any CPU.Build.0 = Release|Any CPU
		{23E83E03-0961-498A-AE3E-1CF0DC0F36F9}.Release|x64.ActiveCfg = Release|Any CPU
		{23E83E03-0961-498A-AE3E-1CF0DC0F36F9}.Release|x64.Build.0 = Release|Any CPU
		{23E83E03-0961-498A-AE3E-1CF0DC0F36F9}.Release|x86.ActiveCfg = Release|Any CPU
		{23E83E03-0961-498A-AE3E-1CF0DC0F36F9}.Release|x86.Build.0 = Release|Any CPU
		{2929A756-E404-4617-9CDE-AD5AA542517D}.Debug|Any CPU.ActiveCfg = Debug|Any CPU
		{2929A756-E404-4617-9CDE-AD5AA542517D}.Debug|Any CPU.Build.0 = Debug|Any CPU
		{2929A756-E404-4617-9CDE-AD5AA542517D}.Debug|x64.ActiveCfg = Debug|Any CPU
		{2929A756-E404-4617-9CDE-AD5AA542517D}.Debug|x64.Build.0 = Debug|Any CPU
		{2929A756-E404-4617-9CDE-AD5AA542517D}.Debug|x86.ActiveCfg = Debug|Any CPU
		{2929A756-E404-4617-9CDE-AD5AA542517D}.Debug|x86.Build.0 = Debug|Any CPU
		{2929A756-E404-4617-9CDE-AD5AA542517D}.Release|Any CPU.ActiveCfg = Release|Any CPU
		{2929A756-E404-4617-9CDE-AD5AA542517D}.Release|Any CPU.Build.0 = Release|Any CPU
		{2929A756-E404-4617-9CDE-AD5AA542517D}.Release|x64.ActiveCfg = Release|Any CPU
		{2929A756-E404-4617-9CDE-AD5AA542517D}.Release|x64.Build.0 = Release|Any CPU
		{2929A756-E404-4617-9CDE-AD5AA542517D}.Release|x86.ActiveCfg = Release|Any CPU
		{2929A756-E404-4617-9CDE-AD5AA542517D}.Release|x86.Build.0 = Release|Any CPU
		{12F4D70A-8D74-4D0C-B10C-AE79CAF6E22F}.Debug|Any CPU.ActiveCfg = Debug|Any CPU
		{12F4D70A-8D74-4D0C-B10C-AE79CAF6E22F}.Debug|Any CPU.Build.0 = Debug|Any CPU
		{12F4D70A-8D74-4D0C-B10C-AE79CAF6E22F}.Debug|x64.ActiveCfg = Debug|Any CPU
		{12F4D70A-8D74-4D0C-B10C-AE79CAF6E22F}.Debug|x64.Build.0 = Debug|Any CPU
		{12F4D70A-8D74-4D0C-B10C-AE79CAF6E22F}.Debug|x86.ActiveCfg = Debug|Any CPU
		{12F4D70A-8D74-4D0C-B10C-AE79CAF6E22F}.Debug|x86.Build.0 = Debug|Any CPU
		{12F4D70A-8D74-4D0C-B10C-AE79CAF6E22F}.Release|Any CPU.ActiveCfg = Release|Any CPU
		{12F4D70A-8D74-4D0C-B10C-AE79CAF6E22F}.Release|Any CPU.Build.0 = Release|Any CPU
		{12F4D70A-8D74-4D0C-B10C-AE79CAF6E22F}.Release|x64.ActiveCfg = Release|Any CPU
		{12F4D70A-8D74-4D0C-B10C-AE79CAF6E22F}.Release|x64.Build.0 = Release|Any CPU
		{12F4D70A-8D74-4D0C-B10C-AE79CAF6E22F}.Release|x86.ActiveCfg = Release|Any CPU
		{12F4D70A-8D74-4D0C-B10C-AE79CAF6E22F}.Release|x86.Build.0 = Release|Any CPU
	EndGlobalSection
	GlobalSection(SolutionProperties) = preSolution
		HideSolutionNode = FALSE
	EndGlobalSection
	GlobalSection(ExtensibilityGlobals) = postSolution
		SolutionGuid = {C56359E9-BA0F-43ED-9751-5F602960EBC6}
	EndGlobalSection
EndGlobal
